
Microsoft Visual Studio Solution File, Format Version 12.00
# Visual Studio Version 17
VisualStudioVersion = 17.10.35027.167
MinimumVisualStudioVersion = 10.0.40219.1
Project("{FAE04EC0-301F-11D3-BF4B-00C04F79EFBC}") = "DBC", "DBC\DBC.csproj", "{4AF5588B-898B-4994-AC90-ACB32BCE4139}"
EndProject
Global
	GlobalSection(SolutionConfigurationPlatforms) = preSolution
		Debug|Any CPU = Debug|Any CPU
		Release|Any CPU = Release|Any CPU
	EndGlobalSection
	GlobalSection(ProjectConfigurationPlatforms) = postSolution
		{4AF5588B-898B-4994-AC90-ACB32BCE4139}.Debug|Any CPU.ActiveCfg = Debug|Any CPU
		{4AF5588B-898B-4994-AC90-ACB32BCE4139}.Debug|Any CPU.Build.0 = Debug|Any CPU
		{4AF5588B-898B-4994-AC90-ACB32BCE4139}.Debug|Any CPU.Deploy.0 = Debug|Any CPU
		{4AF5588B-898B-4994-AC90-ACB32BCE4139}.Release|Any CPU.ActiveCfg = Release|Any CPU
		{4AF5588B-898B-4994-AC90-ACB32BCE4139}.Release|Any CPU.Build.0 = Release|Any CPU
		{4AF5588B-898B-4994-AC90-ACB32BCE4139}.Release|Any CPU.Deploy.0 = Release|Any CPU
	EndGlobalSection
	GlobalSection(SolutionProperties) = preSolution
		HideSolutionNode = FALSE
	EndGlobalSection
	GlobalSection(ExtensibilityGlobals) = postSolution
		SolutionGuid = {205B0A58-15C8-4ABE-BC84-05610142321F}
	EndGlobalSection
EndGlobal
